# This file is automatically @generated by Cargo.
# It is not intended for manual editing.
version = 3

[[package]]
name = "externalinterface"
version = "0.1.0"

[[package]]
name = "repository"
version = "0.1.0"
dependencies = [
 "usecase",
]

[[package]]
name = "service"
version = "0.1.0"
dependencies = [
 "usecase",
]

[[package]]
name = "usecase"
version = "0.1.0"

[[package]]
name = "xoon_service_automation"
version = "0.1.0"
dependencies = [
 "externalinterface",
 "repository",
 "service",
 "usecase",
]
